PODS:
  - bluetooth_scanner (0.0.1):
    - Flutter
  - Flutter (1.0.0)

DEPENDENCIES:
  - bluetooth_scanner (from `.symlinks/plugins/bluetooth_scanner/ios`)
  - Flutter (from `Flutter`)

EXTERNAL SOURCES:
  bluetooth_scanner:
    :path: ".symlinks/plugins/bluetooth_scanner/ios"
  Flutter:
    :path: Flutter

SPEC CHECKSUMS:
  bluetooth_scanner: 45966407c94d64918bbd14de2fe0fb56223d0603
  Flutter: 0e3d915762c693b495b44d77113d4970485de6ec

PODFILE CHECKSUM: 1b66dae606f75376c5f2135a8290850eeb09ae83

COCOAPODS: 1.8.4
